
Microsoft Visual Studio Solution File, Format Version 12.00
# Visual Studio Version 17
VisualStudioVersion = 17.14.36603.0 d17.14
MinimumVisualStudioVersion = 10.0.40219.1
Project("{FAE04EC0-301F-11D3-BF4B-00C04F79EFBC}") = "TCPServer", "TCPServer\TCPServer.csproj", "{D2A0C5B2-BC57-4C62-B41E-A2CCAFD84022}"
EndProject
Global
	GlobalSection(SolutionConfigurationPlatforms) = preSolution
		Debug|Any CPU = Debug|Any CPU
		Release|Any CPU = Release|Any CPU
	EndGlobalSection
	GlobalSection(ProjectConfigurationPlatforms) = postSolution
		{D2A0C5B2-BC57-4C62-B41E-A2CCAFD84022}.Debug|Any CPU.ActiveCfg = Debug|Any CPU
		{D2A0C5B2-BC57-4C62-B41E-A2CCAFD84022}.Debug|Any CPU.Build.0 = Debug|Any CPU
		{D2A0C5B2-BC57-4C62-B41E-A2CCAFD84022}.Release|Any CPU.ActiveCfg = Release|Any CPU
		{D2A0C5B2-BC57-4C62-B41E-A2CCAFD84022}.Release|Any CPU.Build.0 = Release|Any CPU
	EndGlobalSection
	GlobalSection(SolutionProperties) = preSolution
		HideSolutionNode = FALSE
	EndGlobalSection
	GlobalSection(ExtensibilityGlobals) = postSolution
		SolutionGuid = {E6AD6627-E89A-441D-90C5-B640BD7DD5EB}
	EndGlobalSection
EndGlobal
